// !$*UTF8*$!
{
	archiveVersion = 1;
	classes = {
	};
	objectVersion = 56;
	objects = {

/* Begin PBXBuildFile section */
		DE31004A2B7469A300761D3B /* AppDelegate.swift in Sources */ = {isa = PBXBuildFile; fileRef = DE3100492B7469A300761D3B /* AppDelegate.swift */; };
		DE31004C2B7469A300761D3B /* SceneDelegate.swift in Sources */ = {isa = PBXBuildFile; fileRef = DE31004B2B7469A300761D3B /* SceneDelegate.swift */; };
		DE31004E2B7469A300761D3B /* ViewController.swift in Sources */ = {isa = PBXBuildFile; fileRef = DE31004D2B7469A300761D3B /* ViewController.swift */; };
		DE3100512B7469A300761D3B /* Main.storyboard in Resources */ = {isa = PBXBuildFile; fileRef = DE31004F2B7469A300761D3B /* Main.storyboard */; };
		DE3100532B7469A400761D3B /* Assets.xcassets in Resources */ = {isa = PBXBuildFile; fileRef = DE3100522B7469A400761D3B /* Assets.xcassets */; };
		DE3100562B7469A400761D3B /* LaunchScreen.storyboard in Resources */ = {isa = PBXBuildFile; fileRef = DE3100542B7469A400761D3B /* LaunchScreen.storyboard */; };
		DE31005F2B746B5B00761D3B /* NetworkService.swift in Sources */ = {isa = PBXBuildFile; fileRef = DE31005E2B746B5B00761D3B /* NetworkService.swift */; };
		DE3100622B746D3400761D3B /* Constants.swift in Sources */ = {isa = PBXBuildFile; fileRef = DE3100612B746D3400761D3B /* Constants.swift */; };
		DE3100652B7487EB00761D3B /* Pokemon.swift in Sources */ = {isa = PBXBuildFile; fileRef = DE3100642B7487EB00761D3B /* Pokemon.swift */; };
		DE3A634E2B786488007A8FAF /* PSpecies.swift in Sources */ = {isa = PBXBuildFile; fileRef = DE3A634D2B786488007A8FAF /* PSpecies.swift */; };
		DE3A63502B786654007A8FAF /* PMove.swift in Sources */ = {isa = PBXBuildFile; fileRef = DE3A634F2B786654007A8FAF /* PMove.swift */; };
		DE3A63522B7869F2007A8FAF /* PType.swift in Sources */ = {isa = PBXBuildFile; fileRef = DE3A63512B7869F2007A8FAF /* PType.swift */; };
		DE90A60B2B805FFE00DBDEB2 /* PokemonSuperClass.swift in Sources */ = {isa = PBXBuildFile; fileRef = DE90A60A2B805FFE00DBDEB2 /* PokemonSuperClass.swift */; };
/* End PBXBuildFile section */

/* Begin PBXFileReference section */
		DE3100462B7469A300761D3B /* PokedexApp.app */ = {isa = PBXFileReference; explicitFileType = wrapper.application; includeInIndex = 0; path = PokedexApp.app; sourceTree = BUILT_PRODUCTS_DIR; };
		DE3100492B7469A300761D3B /* AppDelegate.swift */ = {isa = PBXFileReference; lastKnownFileType = sourcecode.swift; path = AppDelegate.swift; sourceTree = "<group>"; };
		DE31004B2B7469A300761D3B /* SceneDelegate.swift */ = {isa = PBXFileReference; lastKnownFileType = sourcecode.swift; path = SceneDelegate.swift; sourceTree = "<group>"; };
		DE31004D2B7469A300761D3B /* ViewController.swift */ = {isa = PBXFileReference; lastKnownFileType = sourcecode.swift; path = ViewController.swift; sourceTree = "<group>"; };
		DE3100502B7469A300761D3B /* Base */ = {isa = PBXFileReference; lastKnownFileType = file.storyboard; name = Base; path = Base.lproj/Main.storyboard; sourceTree = "<group>"; };
		DE3100522B7469A400761D3B /* Assets.xcassets */ = {isa = PBXFileReference; lastKnownFileType = folder.assetcatalog; path = Assets.xcassets; sourceTree = "<group>"; };
		DE3100552B7469A400761D3B /* Base */ = {isa = PBXFileReference; lastKnownFileType = file.storyboard; name = Base; path = Base.lproj/LaunchScreen.storyboard; sourceTree = "<group>"; };
		DE3100572B7469A400761D3B /* Info.plist */ = {isa = PBXFileReference; lastKnownFileType = text.plist.xml; path = Info.plist; sourceTree = "<group>"; };
		DE31005E2B746B5B00761D3B /* NetworkService.swift */ = {isa = PBXFileReference; lastKnownFileType = sourcecode.swift; path = NetworkService.swift; sourceTree = "<group>"; };
		DE3100612B746D3400761D3B /* Constants.swift */ = {isa = PBXFileReference; lastKnownFileType = sourcecode.swift; path = Constants.swift; sourceTree = "<group>"; };
		DE3100642B7487EB00761D3B /* Pokemon.swift */ = {isa = PBXFileReference; lastKnownFileType = sourcecode.swift; path = Pokemon.swift; sourceTree = "<group>"; };
		DE3A634D2B786488007A8FAF /* PSpecies.swift */ = {isa = PBXFileReference; lastKnownFileType = sourcecode.swift; path = PSpecies.swift; sourceTree = "<group>"; };
		DE3A634F2B786654007A8FAF /* PMove.swift */ = {isa = PBXFileReference; lastKnownFileType = sourcecode.swift; path = PMove.swift; sourceTree = "<group>"; };
		DE3A63512B7869F2007A8FAF /* PType.swift */ = {isa = PBXFileReference; lastKnownFileType = sourcecode.swift; path = PType.swift; sourceTree = "<group>"; };
		DE90A60A2B805FFE00DBDEB2 /* PokemonSuperClass.swift */ = {isa = PBXFileReference; lastKnownFileType = sourcecode.swift; path = PokemonSuperClass.swift; sourceTree = "<group>"; };
/* End PBXFileReference section */

/* Begin PBXFrameworksBuildPhase section */
		DE3100432B7469A300761D3B /* Frameworks */ = {
			isa = PBXFrameworksBuildPhase;
			buildActionMask = 2147483647;
			files = (
			);
			runOnlyForDeploymentPostprocessing = 0;
		};
/* End PBXFrameworksBuildPhase section */

/* Begin PBXGroup section */
		DE31003D2B7469A300761D3B = {
			isa = PBXGroup;
			children = (
				DE3100482B7469A300761D3B /* PokedexApp */,
				DE3100472B7469A300761D3B /* Products */,
			);
			sourceTree = "<group>";
		};
		DE3100472B7469A300761D3B /* Products */ = {
			isa = PBXGroup;
			children = (
				DE3100462B7469A300761D3B /* PokedexApp.app */,
			);
			name = Products;
			sourceTree = "<group>";
		};
		DE3100482B7469A300761D3B /* PokedexApp */ = {
			isa = PBXGroup;
			children = (
				DE3100632B74872800761D3B /* Models */,
				DE3100602B746D1200761D3B /* Utilities */,
				DE31005D2B746B4100761D3B /* Networking */,
				DE3100492B7469A300761D3B /* AppDelegate.swift */,
				DE31004B2B7469A300761D3B /* SceneDelegate.swift */,
				DE31004D2B7469A300761D3B /* ViewController.swift */,
				DE31004F2B7469A300761D3B /* Main.storyboard */,
				DE3100522B7469A400761D3B /* Assets.xcassets */,
				DE3100542B7469A400761D3B /* LaunchScreen.storyboard */,
				DE3100572B7469A400761D3B /* Info.plist */,
			);
			path = PokedexApp;
			sourceTree = "<group>";
		};
		DE31005D2B746B4100761D3B /* Networking */ = {
			isa = PBXGroup;
			children = (
				DE31005E2B746B5B00761D3B /* NetworkService.swift */,
			);
			path = Networking;
			sourceTree = "<group>";
		};
		DE3100602B746D1200761D3B /* Utilities */ = {
			isa = PBXGroup;
			children = (
				DE3100612B746D3400761D3B /* Constants.swift */,
			);
			path = Utilities;
			sourceTree = "<group>";
		};
		DE3100632B74872800761D3B /* Models */ = {
			isa = PBXGroup;
			children = (
				DE3100642B7487EB00761D3B /* Pokemon.swift */,
				DE3A634D2B786488007A8FAF /* PSpecies.swift */,
				DE3A634F2B786654007A8FAF /* PMove.swift */,
				DE3A63512B7869F2007A8FAF /* PType.swift */,
				DE90A60A2B805FFE00DBDEB2 /* PokemonSuperClass.swift */,
			);
			path = Models;
			sourceTree = "<group>";
		};
/* End PBXGroup section */

/* Begin PBXNativeTarget section */
		DE3100452B7469A300761D3B /* PokedexApp */ = {
			isa = PBXNativeTarget;
			buildConfigurationList = DE31005A2B7469A400761D3B /* Build configuration list for PBXNativeTarget "PokedexApp" */;
			buildPhases = (
				DE3100422B7469A300761D3B /* Sources */,
				DE3100432B7469A300761D3B /* Frameworks */,
				DE3100442B7469A300761D3B /* Resources */,
			);
			buildRules = (
			);
			dependencies = (
			);
			name = PokedexApp;
			productName = PokedexApp;
			productReference = DE3100462B7469A300761D3B /* PokedexApp.app */;
			productType = "com.apple.product-type.application";
		};
/* End PBXNativeTarget section */

/* Begin PBXProject section */
		DE31003E2B7469A300761D3B /* Project object */ = {
			isa = PBXProject;
			attributes = {
				BuildIndependentTargetsInParallel = 1;
				LastSwiftUpdateCheck = 1500;
				LastUpgradeCheck = 1500;
				TargetAttributes = {
					DE3100452B7469A300761D3B = {
						CreatedOnToolsVersion = 15.0;
					};
				};
			};
			buildConfigurationList = DE3100412B7469A300761D3B /* Build configuration list for PBXProject "PokedexApp" */;
			compatibilityVersion = "Xcode 14.0";
			developmentRegion = en;
			hasScannedForEncodings = 0;
			knownRegions = (
				en,
				Base,
			);
			mainGroup = DE31003D2B7469A300761D3B;
			productRefGroup = DE3100472B7469A300761D3B /* Products */;
			projectDirPath = "";
			projectRoot = "";
			targets = (
				DE3100452B7469A300761D3B /* PokedexApp */,
			);
		};
/* End PBXProject section */

/* Begin PBXResourcesBuildPhase section */
		DE3100442B7469A300761D3B /* Resources */ = {
			isa = PBXResourcesBuildPhase;
			buildActionMask = 2147483647;
			files = (
				DE3100562B7469A400761D3B /* LaunchScreen.storyboard in Resources */,
				DE3100532B7469A400761D3B /* Assets.xcassets in Resources */,
				DE3100512B7469A300761D3B /* Main.storyboard in Resources */,
			);
			runOnlyForDeploymentPostprocessing = 0;
		};
/* End PBXResourcesBuildPhase section */

/* Begin PBXSourcesBuildPhase section */
		DE3100422B7469A300761D3B /* Sources */ = {
			isa = PBXSourcesBuildPhase;
			buildActionMask = 2147483647;
			files = (
				DE3100622B746D3400761D3B /* Constants.swift in Sources */,
				DE3A634E2B786488007A8FAF /* PSpecies.swift in Sources */,
				DE31004E2B7469A300761D3B /* ViewController.swift in Sources */,
				DE31004A2B7469A300761D3B /* AppDelegate.swift in Sources */,
				DE3A63502B786654007A8FAF /* PMove.swift in Sources */,
				DE31005F2B746B5B00761D3B /* NetworkService.swift in Sources */,
				DE90A60B2B805FFE00DBDEB2 /* PokemonSuperClass.swift in Sources */,
				DE31004C2B7469A300761D3B /* SceneDelegate.swift in Sources */,
				DE3100652B7487EB00761D3B /* Pokemon.swift in Sources */,
				DE3A63522B7869F2007A8FAF /* PType.swift in Sources */,
			);
			runOnlyForDeploymentPostprocessing = 0;
		};
/* End PBXSourcesBuildPhase section */

/* Begin PBXVariantGroup section */
		DE31004F2B7469A300761D3B /* Main.storyboard */ = {
			isa = PBXVariantGroup;
			children = (
				DE3100502B7469A300761D3B /* Base */,
			);
			name = Main.storyboard;
			sourceTree = "<group>";
		};
		DE3100542B7469A400761D3B /* LaunchScreen.storyboard */ = {
			isa = PBXVariantGroup;
			children = (
				DE3100552B7469A400761D3B /* Base */,
			);
			name = LaunchScreen.storyboard;
			sourceTree = "<group>";
		};
/* End PBXVariantGroup section */

/* Begin XCBuildConfiguration section */
		DE3100582B7469A400761D3B /* Debug */ = {
			isa = XCBuildConfiguration;
			buildSettings = {
				ALWAYS_SEARCH_USER_PATHS = NO;
				ASSETCATALOG_COMPILER_GENERATE_SWIFT_ASSET_SYMBOL_EXTENSIONS = YES;
				CLANG_ANALYZER_NONNULL = YES;
				CLANG_ANALYZER_NUMBER_OBJECT_CONVERSION = YES_AGGRESSIVE;
				CLANG_CXX_LANGUAGE_STANDARD = "gnu++20";
				CLANG_ENABLE_MODULES = YES;
				CLANG_ENABLE_OBJC_ARC = YES;
				CLANG_ENABLE_OBJC_WEAK = YES;
				CLANG_WARN_BLOCK_CAPTURE_AUTORELEASING = YES;
				CLANG_WARN_BOOL_CONVERSION = YES;
				CLANG_WARN_COMMA = YES;
				CLANG_WARN_CONSTANT_CONVERSION = YES;
				CLANG_WARN_DEPRECATED_OBJC_IMPLEMENTATIONS = YES;
				CLANG_WARN_DIRECT_OBJC_ISA_USAGE = YES_ERROR;
				CLANG_WARN_DOCUMENTATION_COMMENTS = YES;
				CLANG_WARN_EMPTY_BODY = YES;
				CLANG_WARN_ENUM_CONVERSION = YES;
				CLANG_WARN_INFINITE_RECURSION = YES;
				CLANG_WARN_INT_CONVERSION = YES;
				CLANG_WARN_NON_LITERAL_NULL_CONVERSION = YES;
				CLANG_WARN_OBJC_IMPLICIT_RETAIN_SELF = YES;
				CLANG_WARN_OBJC_LITERAL_CONVERSION = YES;
				CLANG_WARN_OBJC_ROOT_CLASS = YES_ERROR;
				CLANG_WARN_QUOTED_INCLUDE_IN_FRAMEWORK_HEADER = YES;
				CLANG_WARN_RANGE_LOOP_ANALYSIS = YES;
				CLANG_WARN_STRICT_PROTOTYPES = YES;
				CLANG_WARN_SUSPICIOUS_MOVE = YES;
				CLANG_WARN_UNGUARDED_AVAILABILITY = YES_AGGRESSIVE;
				CLANG_WARN_UNREACHABLE_CODE = YES;
				CLANG_WARN__DUPLICATE_METHOD_MATCH = YES;
				COPY_PHASE_STRIP = NO;
				DEBUG_INFORMATION_FORMAT = dwarf;
				ENABLE_STRICT_OBJC_MSGSEND = YES;
				ENABLE_TESTABILITY = YES;
				ENABLE_USER_SCRIPT_SANDBOXING = YES;
				GCC_C_LANGUAGE_STANDARD = gnu17;
				GCC_DYNAMIC_NO_PIC = NO;
				GCC_NO_COMMON_BLOCKS = YES;
				GCC_OPTIMIZATION_LEVEL = 0;
				GCC_PREPROCESSOR_DEFINITIONS = (
					"DEBUG=1",
					"$(inherited)",
				);
				GCC_WARN_64_TO_32_BIT_CONVERSION = YES;
				GCC_WARN_ABOUT_RETURN_TYPE = YES_ERROR;
				GCC_WARN_UNDECLARED_SELECTOR = YES;
				GCC_WARN_UNINITIALIZED_AUTOS = YES_AGGRESSIVE;
				GCC_WARN_UNUSED_FUNCTION = YES;
				GCC_WARN_UNUSED_VARIABLE = YES;
				IPHONEOS_DEPLOYMENT_TARGET = 17.0;
				LOCALIZATION_PREFERS_STRING_CATALOGS = YES;
				MTL_ENABLE_DEBUG_INFO = INCLUDE_SOURCE;
				MTL_FAST_MATH = YES;
				ONLY_ACTIVE_ARCH = YES;
				SDKROOT = iphoneos;
				SWIFT_ACTIVE_COMPILATION_CONDITIONS = "DEBUG $(inherited)";
				SWIFT_OPTIMIZATION_LEVEL = "-Onone";
			};
			name = Debug;
		};
		DE3100592B7469A400761D3B /* Release */ = {
			isa = XCBuildConfiguration;
			buildSettings = {
				ALWAYS_SEARCH_USER_PATHS = NO;
				ASSETCATALOG_COMPILER_GENERATE_SWIFT_ASSET_SYMBOL_EXTENSIONS = YES;
				CLANG_ANALYZER_NONNULL = YES;
				CLANG_ANALYZER_NUMBER_OBJECT_CONVERSION = YES_AGGRESSIVE;
				CLANG_CXX_LANGUAGE_STANDARD = "gnu++20";
				CLANG_ENABLE_MODULES = YES;
				CLANG_ENABLE_OBJC_ARC = YES;
				CLANG_ENABLE_OBJC_WEAK = YES;
				CLANG_WARN_BLOCK_CAPTURE_AUTORELEASING = YES;
				CLANG_WARN_BOOL_CONVERSION = YES;
				CLANG_WARN_COMMA = YES;
				CLANG_WARN_CONSTANT_CONVERSION = YES;
				CLANG_WARN_DEPRECATED_OBJC_IMPLEMENTATIONS = YES;
				CLANG_WARN_DIRECT_OBJC_ISA_USAGE = YES_ERROR;
				CLANG_WARN_DOCUMENTATION_COMMENTS = YES;
				CLANG_WARN_EMPTY_BODY = YES;
				CLANG_WARN_ENUM_CONVERSION = YES;
				CLANG_WARN_INFINITE_RECURSION = YES;
				CLANG_WARN_INT_CONVERSION = YES;
				CLANG_WARN_NON_LITERAL_NULL_CONVERSION = YES;
				CLANG_WARN_OBJC_IMPLICIT_RETAIN_SELF = YES;
				CLANG_WARN_OBJC_LITERAL_CONVERSION = YES;
				CLANG_WARN_OBJC_ROOT_CLASS = YES_ERROR;
				CLANG_WARN_QUOTED_INCLUDE_IN_FRAMEWORK_HEADER = YES;
				CLANG_WARN_RANGE_LOOP_ANALYSIS = YES;
				CLANG_WARN_STRICT_PROTOTYPES = YES;
				CLANG_WARN_SUSPICIOUS_MOVE = YES;
				CLANG_WARN_UNGUARDED_AVAILABILITY = YES_AGGRESSIVE;
				CLANG_WARN_UNREACHABLE_CODE = YES;
				CLANG_WARN__DUPLICATE_METHOD_MATCH = YES;
				COPY_PHASE_STRIP = NO;
				DEBUG_INFORMATION_FORMAT = "dwarf-with-dsym";
				ENABLE_NS_ASSERTIONS = NO;
				ENABLE_STRICT_OBJC_MSGSEND = YES;
				ENABLE_USER_SCRIPT_SANDBOXING = YES;
				GCC_C_LANGUAGE_STANDARD = gnu17;
				GCC_NO_COMMON_BLOCKS = YES;
				GCC_WARN_64_TO_32_BIT_CONVERSION = YES;
				GCC_WARN_ABOUT_RETURN_TYPE = YES_ERROR;
				GCC_WARN_UNDECLARED_SELECTOR = YES;
				GCC_WARN_UNINITIALIZED_AUTOS = YES_AGGRESSIVE;
				GCC_WARN_UNUSED_FUNCTION = YES;
				GCC_WARN_UNUSED_VARIABLE = YES;
				IPHONEOS_DEPLOYMENT_TARGET = 17.0;
				LOCALIZATION_PREFERS_STRING_CATALOGS = YES;
				MTL_ENABLE_DEBUG_INFO = NO;
				MTL_FAST_MATH = YES;
				SDKROOT = iphoneos;
				SWIFT_COMPILATION_MODE = wholemodule;
				VALIDATE_PRODUCT = YES;
			};
			name = Release;
		};
		DE31005B2B7469A400761D3B /* Debug */ = {
			isa = XCBuildConfiguration;
			buildSettings = {
				ASSETCATALOG_COMPILER_APPICON_NAME = AppIcon;
				ASSETCATALOG_COMPILER_GLOBAL_ACCENT_COLOR_NAME = AccentColor;
				CODE_SIGN_STYLE = Automatic;
				CURRENT_PROJECT_VERSION = 1;
				GENERATE_INFOPLIST_FILE = YES;
				INFOPLIST_FILE = PokedexApp/Info.plist;
				INFOPLIST_KEY_UIApplicationSupportsIndirectInputEvents = YES;
				INFOPLIST_KEY_UILaunchStoryboardName = LaunchScreen;
				INFOPLIST_KEY_UIMainStoryboardFile = Main;
				INFOPLIST_KEY_UISupportedInterfaceOrientations_iPad = "UIInterfaceOrientationPortrait UIInterfaceOrientationPortraitUpsideDown UIInterfaceOrientationLandscapeLeft UIInterfaceOrientationLandscapeRight";
				INFOPLIST_KEY_UISupportedInterfaceOrientations_iPhone = "UIInterfaceOrientationPortrait UIInterfaceOrientationLandscapeLeft UIInterfaceOrientationLandscapeRight";
				LD_RUNPATH_SEARCH_PATHS = (
					"$(inherited)",
					"@executable_path/Frameworks",
				);
				MARKETING_VERSION = 1.0;
				PRODUCT_BUNDLE_IDENTIFIER = ameerbajwa.PokedexApp;
				PRODUCT_NAME = "$(TARGET_NAME)";
				SWIFT_EMIT_LOC_STRINGS = YES;
				SWIFT_VERSION = 5.0;
				TARGETED_DEVICE_FAMILY = "1,2";
			};
			name = Debug;
		};
		DE31005C2B7469A400761D3B /* Release */ = {
			isa = XCBuildConfiguration;
			buildSettings = {
				ASSETCATALOG_COMPILER_APPICON_NAME = AppIcon;
				ASSETCATALOG_COMPILER_GLOBAL_ACCENT_COLOR_NAME = AccentColor;
				CODE_SIGN_STYLE = Automatic;
				CURRENT_PROJECT_VERSION = 1;
				GENERATE_INFOPLIST_FILE = YES;
				INFOPLIST_FILE = PokedexApp/Info.plist;
				INFOPLIST_KEY_UIApplicationSupportsIndirectInputEvents = YES;
				INFOPLIST_KEY_UILaunchStoryboardName = LaunchScreen;
				INFOPLIST_KEY_UIMainStoryboardFile = Main;
				INFOPLIST_KEY_UISupportedInterfaceOrientations_iPad = "UIInterfaceOrientationPortrait UIInterfaceOrientationPortraitUpsideDown UIInterfaceOrientationLandscapeLeft UIInterfaceOrientationLandscapeRight";
				INFOPLIST_KEY_UISupportedInterfaceOrientations_iPhone = "UIInterfaceOrientationPortrait UIInterfaceOrientationLandscapeLeft UIInterfaceOrientationLandscapeRight";
				LD_RUNPATH_SEARCH_PATHS = (
					"$(inherited)",
					"@executable_path/Frameworks",
				);
				MARKETING_VERSION = 1.0;
				PRODUCT_BUNDLE_IDENTIFIER = ameerbajwa.PokedexApp;
				PRODUCT_NAME = "$(TARGET_NAME)";
				SWIFT_EMIT_LOC_STRINGS = YES;
				SWIFT_VERSION = 5.0;
				TARGETED_DEVICE_FAMILY = "1,2";
			};
			name = Release;
		};
/* End XCBuildConfiguration section */

/* Begin XCConfigurationList section */
		DE3100412B7469A300761D3B /* Build configuration list for PBXProject "PokedexApp" */ = {
			isa = XCConfigurationList;
			buildConfigurations = (
				DE3100582B7469A400761D3B /* Debug */,
				DE3100592B7469A400761D3B /* Release */,
			);
			defaultConfigurationIsVisible = 0;
			defaultConfigurationName = Release;
		};
		DE31005A2B7469A400761D3B /* Build configuration list for PBXNativeTarget "PokedexApp" */ = {
			isa = XCConfigurationList;
			buildConfigurations = (
				DE31005B2B7469A400761D3B /* Debug */,
				DE31005C2B7469A400761D3B /* Release */,
			);
			defaultConfigurationIsVisible = 0;
			defaultConfigurationName = Release;
		};
/* End XCConfigurationList section */
	};
	rootObject = DE31003E2B7469A300761D3B /* Project object */;
}
